
Microsoft Visual Studio Solution File, Format Version 12.00
# Visual Studio Version 16
VisualStudioVersion = 16.0.31105.61
MinimumVisualStudioVersion = 10.0.40219.1
Project("{FAE04EC0-301F-11D3-BF4B-00C04F79EFBC}") = "FunctionApp48", "FunctionApp48.csproj", "{A2D93B80-7C01-4740-8ECB-22A6AB29217A}"
EndProject
Global
	GlobalSection(SolutionConfigurationPlatforms) = preSolution
		Debug|Any CPU = Debug|Any CPU
		Release|Any CPU = Release|Any CPU
	EndGlobalSection
	GlobalSection(ProjectConfigurationPlatforms) = postSolution
		{A2D93B80-7C01-4740-8ECB-22A6AB29217A}.Debug|Any CPU.ActiveCfg = Debug|Any CPU
		{A2D93B80-7C01-4740-8ECB-22A6AB29217A}.Debug|Any CPU.Build.0 = Debug|Any CPU
		{A2D93B80-7C01-4740-8ECB-22A6AB29217A}.Release|Any CPU.ActiveCfg = Release|Any CPU
		{A2D93B80-7C01-4740-8ECB-22A6AB29217A}.Release|Any CPU.Build.0 = Release|Any CPU
	EndGlobalSection
	GlobalSection(SolutionProperties) = preSolution
		HideSolutionNode = FALSE
	EndGlobalSection
	GlobalSection(ExtensibilityGlobals) = postSolution
		SolutionGuid = {81A18DD9-D8FD-475E-B36E-83AD92FE860E}
	EndGlobalSection
EndGlobal
